
Microsoft Visual Studio Solution File, Format Version 12.00
# Visual Studio Version 16
VisualStudioVersion = 16.0.32413.511
MinimumVisualStudioVersion = 10.0.40219.1
Project("{F184B08F-C81C-45F6-A57F-5ABD9991F28F}") = "WindowsApp1", "WindowsApp1\WindowsApp1.vbproj", "{48D931BF-B2D7-4525-9AAC-622868C59120}"
EndProject
Global
	GlobalSection(SolutionConfigurationPlatforms) = preSolution
		Debug|Any CPU = Debug|Any CPU
		Release|Any CPU = Release|Any CPU
	EndGlobalSection
	GlobalSection(ProjectConfigurationPlatforms) = postSolution
		{48D931BF-B2D7-4525-9AAC-622868C59120}.Debug|Any CPU.ActiveCfg = Debug|Any CPU
		{48D931BF-B2D7-4525-9AAC-622868C59120}.Debug|Any CPU.Build.0 = Debug|Any CPU
		{48D931BF-B2D7-4525-9AAC-622868C59120}.Release|Any CPU.ActiveCfg = Release|Any CPU
		{48D931BF-B2D7-4525-9AAC-622868C59120}.Release|Any CPU.Build.0 = Release|Any CPU
	EndGlobalSection
	GlobalSection(SolutionProperties) = preSolution
		HideSolutionNode = FALSE
	EndGlobalSection
	GlobalSection(ExtensibilityGlobals) = postSolution
		SolutionGuid = {6B0884E8-4915-4F9C-B264-5790512EC8A0}
	EndGlobalSection
EndGlobal
